
Microsoft Visual Studio Solution File, Format Version 12.00
# Visual Studio Version 16
VisualStudioVersion = 16.0.30907.101
MinimumVisualStudioVersion = 10.0.40219.1
Project("{FAE04EC0-301F-11D3-BF4B-00C04F79EFBC}") = "ClassMetotDemo", "ClassMetotDemo.csproj", "{DB70D6A9-3062-41DC-A897-1F1E001171A6}"
EndProject
Project("{FAE04EC0-301F-11D3-BF4B-00C04F79EFBC}") = "Musteri", "..\Musteri\Musteri.csproj", "{615CF163-FADD-4C32-BFFF-6FD3F3B961DC}"
EndProject
Global
	GlobalSection(SolutionConfigurationPlatforms) = preSolution
		Debug|Any CPU = Debug|Any CPU
		Release|Any CPU = Release|Any CPU
	EndGlobalSection
	GlobalSection(ProjectConfigurationPlatforms) = postSolution
		{DB70D6A9-3062-41DC-A897-1F1E001171A6}.Debug|Any CPU.ActiveCfg = Debug|Any CPU
		{DB70D6A9-3062-41DC-A897-1F1E001171A6}.Debug|Any CPU.Build.0 = Debug|Any CPU
		{DB70D6A9-3062-41DC-A897-1F1E001171A6}.Release|Any CPU.ActiveCfg = Release|Any CPU
		{DB70D6A9-3062-41DC-A897-1F1E001171A6}.Release|Any CPU.Build.0 = Release|Any CPU
		{615CF163-FADD-4C32-BFFF-6FD3F3B961DC}.Debug|Any CPU.ActiveCfg = Debug|Any CPU
		{615CF163-FADD-4C32-BFFF-6FD3F3B961DC}.Debug|Any CPU.Build.0 = Debug|Any CPU
		{615CF163-FADD-4C32-BFFF-6FD3F3B961DC}.Release|Any CPU.ActiveCfg = Release|Any CPU
		{615CF163-FADD-4C32-BFFF-6FD3F3B961DC}.Release|Any CPU.Build.0 = Release|Any CPU
	EndGlobalSection
	GlobalSection(SolutionProperties) = preSolution
		HideSolutionNode = FALSE
	EndGlobalSection
	GlobalSection(ExtensibilityGlobals) = postSolution
		SolutionGuid = {F14B6344-068A-4C7A-B43D-EA460591380B}
	EndGlobalSection
EndGlobal
